// !$*UTF8*$!
{
	archiveVersion = 1;
	classes = {
	};
	objectVersion = 46;
	objects = {

/* Begin PBXBuildFile section */
		0A08860E18708AA1005D8BE6 /* Foundation.framework in Frameworks */ = {isa = PBXBuildFile; fileRef = 0A08860D18708AA1005D8BE6 /* Foundation.framework */; };
		0A08861018708AA1005D8BE6 /* CoreGraphics.framework in Frameworks */ = {isa = PBXBuildFile; fileRef = 0A08860F18708AA1005D8BE6 /* CoreGraphics.framework */; };
		0A08861218708AA1005D8BE6 /* UIKit.framework in Frameworks */ = {isa = PBXBuildFile; fileRef = 0A08861118708AA1005D8BE6 /* UIKit.framework */; };
		0A08861818708AA1005D8BE6 /* InfoPlist.strings in Resources */ = {isa = PBXBuildFile; fileRef = 0A08861618708AA1005D8BE6 /* InfoPlist.strings */; };
		0A08861A18708AA1005D8BE6 /* main.m in Sources */ = {isa = PBXBuildFile; fileRef = 0A08861918708AA1005D8BE6 /* main.m */; };
		0A08861E18708AA1005D8BE6 /* SGSAppDelegate.m in Sources */ = {isa = PBXBuildFile; fileRef = 0A08861D18708AA1005D8BE6 /* SGSAppDelegate.m */; };
		0A08862118708AA1005D8BE6 /* Main.storyboard in Resources */ = {isa = PBXBuildFile; fileRef = 0A08861F18708AA1005D8BE6 /* Main.storyboard */; };
		0A08862418708AA1005D8BE6 /* SGSViewController.m in Sources */ = {isa = PBXBuildFile; fileRef = 0A08862318708AA1005D8BE6 /* SGSViewController.m */; };
		0A08862618708AA1005D8BE6 /* Images.xcassets in Resources */ = {isa = PBXBuildFile; fileRef = 0A08862518708AA1005D8BE6 /* Images.xcassets */; };
		0A08862D18708AA1005D8BE6 /* XCTest.framework in Frameworks */ = {isa = PBXBuildFile; fileRef = 0A08862C18708AA1005D8BE6 /* XCTest.framework */; };
		0A08862E18708AA1005D8BE6 /* Foundation.framework in Frameworks */ = {isa = PBXBuildFile; fileRef = 0A08860D18708AA1005D8BE6 /* Foundation.framework */; };
		0A08862F18708AA1005D8BE6 /* UIKit.framework in Frameworks */ = {isa = PBXBuildFile; fileRef = 0A08861118708AA1005D8BE6 /* UIKit.framework */; };
		0A08863718708AA1005D8BE6 /* InfoPlist.strings in Resources */ = {isa = PBXBuildFile; fileRef = 0A08863518708AA1005D8BE6 /* InfoPlist.strings */; };
		0A08863918708AA1005D8BE6 /* SGSMultipeerVideoTests.m in Sources */ = {isa = PBXBuildFile; fileRef = 0A08863818708AA1005D8BE6 /* SGSMultipeerVideoTests.m */; };
		0A0886461870907C005D8BE6 /* AVFoundation.framework in Frameworks */ = {isa = PBXBuildFile; fileRef = 0A0886451870907C005D8BE6 /* AVFoundation.framework */; };
		0A088648187096FB005D8BE6 /* MultipeerConnectivity.framework in Frameworks */ = {isa = PBXBuildFile; fileRef = 0A088647187096FB005D8BE6 /* MultipeerConnectivity.framework */; };
/* End PBXBuildFile section */

/* Begin PBXContainerItemProxy section */
		0A08863018708AA1005D8BE6 /* PBXContainerItemProxy */ = {
			isa = PBXContainerItemProxy;
			containerPortal = 0A08860218708AA1005D8BE6 /* Project object */;
			proxyType = 1;
			remoteGlobalIDString = 0A08860918708AA1005D8BE6;
			remoteInfo = SGSMultipeerVideo;
		};
/* End PBXContainerItemProxy section */

/* Begin PBXFileReference section */
		0A08860A18708AA1005D8BE6 /* SGSMultipeerVideo.app */ = {isa = PBXFileReference; explicitFileType = wrapper.application; includeInIndex = 0; path = SGSMultipeerVideo.app; sourceTree = BUILT_PRODUCTS_DIR; };
		0A08860D18708AA1005D8BE6 /* Foundation.framework */ = {isa = PBXFileReference; lastKnownFileType = wrapper.framework; name = Foundation.framework; path = System/Library/Frameworks/Foundation.framework; sourceTree = SDKROOT; };
		0A08860F18708AA1005D8BE6 /* CoreGraphics.framework */ = {isa = PBXFileReference; lastKnownFileType = wrapper.framework; name = CoreGraphics.framework; path = System/Library/Frameworks/CoreGraphics.framework; sourceTree = SDKROOT; };
		0A08861118708AA1005D8BE6 /* UIKit.framework */ = {isa = PBXFileReference; lastKnownFileType = wrapper.framework; name = UIKit.framework; path = System/Library/Frameworks/UIKit.framework; sourceTree = SDKROOT; };
		0A08861518708AA1005D8BE6 /* SGSMultipeerVideo-Info.plist */ = {isa = PBXFileReference; lastKnownFileType = text.plist.xml; path = "SGSMultipeerVideo-Info.plist"; sourceTree = "<group>"; };
		0A08861718708AA1005D8BE6 /* en */ = {isa = PBXFileReference; lastKnownFileType = text.plist.strings; name = en; path = en.lproj/InfoPlist.strings; sourceTree = "<group>"; };
		0A08861918708AA1005D8BE6 /* main.m */ = {isa = PBXFileReference; lastKnownFileType = sourcecode.c.objc; path = main.m; sourceTree = "<group>"; };
		0A08861B18708AA1005D8BE6 /* SGSMultipeerVideo-Prefix.pch */ = {isa = PBXFileReference; lastKnownFileType = sourcecode.c.h; path = "SGSMultipeerVideo-Prefix.pch"; sourceTree = "<group>"; };
		0A08861C18708AA1005D8BE6 /* SGSAppDelegate.h */ = {isa = PBXFileReference; lastKnownFileType = sourcecode.c.h; path = SGSAppDelegate.h; sourceTree = "<group>"; };
		0A08861D18708AA1005D8BE6 /* SGSAppDelegate.m */ = {isa = PBXFileReference; lastKnownFileType = sourcecode.c.objc; path = SGSAppDelegate.m; sourceTree = "<group>"; };
		0A08862018708AA1005D8BE6 /* Base */ = {isa = PBXFileReference; lastKnownFileType = file.storyboard; name = Base; path = Base.lproj/Main.storyboard; sourceTree = "<group>"; };
		0A08862218708AA1005D8BE6 /* SGSViewController.h */ = {isa = PBXFileReference; lastKnownFileType = sourcecode.c.h; path = SGSViewController.h; sourceTree = "<group>"; };
		0A08862318708AA1005D8BE6 /* SGSViewController.m */ = {isa = PBXFileReference; lastKnownFileType = sourcecode.c.objc; path = SGSViewController.m; sourceTree = "<group>"; };
		0A08862518708AA1005D8BE6 /* Images.xcassets */ = {isa = PBXFileReference; lastKnownFileType = folder.assetcatalog; path = Images.xcassets; sourceTree = "<group>"; };
		0A08862B18708AA1005D8BE6 /* SGSMultipeerVideoTests.xctest */ = {isa = PBXFileReference; explicitFileType = wrapper.cfbundle; includeInIndex = 0; path = SGSMultipeerVideoTests.xctest; sourceTree = BUILT_PRODUCTS_DIR; };
		0A08862C18708AA1005D8BE6 /* XCTest.framework */ = {isa = PBXFileReference; lastKnownFileType = wrapper.framework; name = XCTest.framework; path = Library/Frameworks/XCTest.framework; sourceTree = DEVELOPER_DIR; };
		0A08863418708AA1005D8BE6 /* SGSMultipeerVideoTests-Info.plist */ = {isa = PBXFileReference; lastKnownFileType = text.plist.xml; path = "SGSMultipeerVideoTests-Info.plist"; sourceTree = "<group>"; };
		0A08863618708AA1005D8BE6 /* en */ = {isa = PBXFileReference; lastKnownFileType = text.plist.strings; name = en; path = en.lproj/InfoPlist.strings; sourceTree = "<group>"; };
		0A08863818708AA1005D8BE6 /* SGSMultipeerVideoTests.m */ = {isa = PBXFileReference; lastKnownFileType = sourcecode.c.objc; path = SGSMultipeerVideoTests.m; sourceTree = "<group>"; };
		0A0886451870907C005D8BE6 /* AVFoundation.framework */ = {isa = PBXFileReference; lastKnownFileType = wrapper.framework; name = AVFoundation.framework; path = System/Library/Frameworks/AVFoundation.framework; sourceTree = SDKROOT; };
		0A088647187096FB005D8BE6 /* MultipeerConnectivity.framework */ = {isa = PBXFileReference; lastKnownFileType = wrapper.framework; name = MultipeerConnectivity.framework; path = System/Library/Frameworks/MultipeerConnectivity.framework; sourceTree = SDKROOT; };
/* End PBXFileReference section */

/* Begin PBXFrameworksBuildPhase section */
		0A08860718708AA1005D8BE6 /* Frameworks */ = {
			isa = PBXFrameworksBuildPhase;
			buildActionMask = 2147483647;
			files = (
				0A088648187096FB005D8BE6 /* MultipeerConnectivity.framework in Frameworks */,
				0A0886461870907C005D8BE6 /* AVFoundation.framework in Frameworks */,
				0A08861018708AA1005D8BE6 /* CoreGraphics.framework in Frameworks */,
				0A08861218708AA1005D8BE6 /* UIKit.framework in Frameworks */,
				0A08860E18708AA1005D8BE6 /* Foundation.framework in Frameworks */,
			);
			runOnlyForDeploymentPostprocessing = 0;
		};
		0A08862818708AA1005D8BE6 /* Frameworks */ = {
			isa = PBXFrameworksBuildPhase;
			buildActionMask = 2147483647;
			files = (
				0A08862D18708AA1005D8BE6 /* XCTest.framework in Frameworks */,
				0A08862F18708AA1005D8BE6 /* UIKit.framework in Frameworks */,
				0A08862E18708AA1005D8BE6 /* Foundation.framework in Frameworks */,
			);
			runOnlyForDeploymentPostprocessing = 0;
		};
/* End PBXFrameworksBuildPhase section */

/* Begin PBXGroup section */
		0A08860118708AA1005D8BE6 = {
			isa = PBXGroup;
			children = (
				0A08861318708AA1005D8BE6 /* SGSMultipeerVideo */,
				0A08863218708AA1005D8BE6 /* SGSMultipeerVideoTests */,
				0A08860C18708AA1005D8BE6 /* Frameworks */,
				0A08860B18708AA1005D8BE6 /* Products */,
			);
			sourceTree = "<group>";
		};
		0A08860B18708AA1005D8BE6 /* Products */ = {
			isa = PBXGroup;
			children = (
				0A08860A18708AA1005D8BE6 /* SGSMultipeerVideo.app */,
				0A08862B18708AA1005D8BE6 /* SGSMultipeerVideoTests.xctest */,
			);
			name = Products;
			sourceTree = "<group>";
		};
		0A08860C18708AA1005D8BE6 /* Frameworks */ = {
			isa = PBXGroup;
			children = (
				0A088647187096FB005D8BE6 /* MultipeerConnectivity.framework */,
				0A0886451870907C005D8BE6 /* AVFoundation.framework */,
				0A08860D18708AA1005D8BE6 /* Foundation.framework */,
				0A08860F18708AA1005D8BE6 /* CoreGraphics.framework */,
				0A08861118708AA1005D8BE6 /* UIKit.framework */,
				0A08862C18708AA1005D8BE6 /* XCTest.framework */,
			);
			name = Frameworks;
			sourceTree = "<group>";
		};
		0A08861318708AA1005D8BE6 /* SGSMultipeerVideo */ = {
			isa = PBXGroup;
			children = (
				0A08861C18708AA1005D8BE6 /* SGSAppDelegate.h */,
				0A08861D18708AA1005D8BE6 /* SGSAppDelegate.m */,
				0A08861F18708AA1005D8BE6 /* Main.storyboard */,
				0A08862218708AA1005D8BE6 /* SGSViewController.h */,
				0A08862318708AA1005D8BE6 /* SGSViewController.m */,
				0A08862518708AA1005D8BE6 /* Images.xcassets */,
				0A08861418708AA1005D8BE6 /* Supporting Files */,
			);
			path = SGSMultipeerVideo;
			sourceTree = "<group>";
		};
		0A08861418708AA1005D8BE6 /* Supporting Files */ = {
			isa = PBXGroup;
			children = (
				0A08861518708AA1005D8BE6 /* SGSMultipeerVideo-Info.plist */,
				0A08861618708AA1005D8BE6 /* InfoPlist.strings */,
				0A08861918708AA1005D8BE6 /* main.m */,
				0A08861B18708AA1005D8BE6 /* SGSMultipeerVideo-Prefix.pch */,
			);
			name = "Supporting Files";
			sourceTree = "<group>";
		};
		0A08863218708AA1005D8BE6 /* SGSMultipeerVideoTests */ = {
			isa = PBXGroup;
			children = (
				0A08863818708AA1005D8BE6 /* SGSMultipeerVideoTests.m */,
				0A08863318708AA1005D8BE6 /* Supporting Files */,
			);
			path = SGSMultipeerVideoTests;
			sourceTree = "<group>";
		};
		0A08863318708AA1005D8BE6 /* Supporting Files */ = {
			isa = PBXGroup;
			children = (
				0A08863418708AA1005D8BE6 /* SGSMultipeerVideoTests-Info.plist */,
				0A08863518708AA1005D8BE6 /* InfoPlist.strings */,
			);
			name = "Supporting Files";
			sourceTree = "<group>";
		};
/* End PBXGroup section */

/* Begin PBXNativeTarget section */
		0A08860918708AA1005D8BE6 /* SGSMultipeerVideo */ = {
			isa = PBXNativeTarget;
			buildConfigurationList = 0A08863C18708AA1005D8BE6 /* Build configuration list for PBXNativeTarget "SGSMultipeerVideo" */;
			buildPhases = (
				0A08860618708AA1005D8BE6 /* Sources */,
				0A08860718708AA1005D8BE6 /* Frameworks */,
				0A08860818708AA1005D8BE6 /* Resources */,
			);
			buildRules = (
			);
			dependencies = (
			);
			name = SGSMultipeerVideo;
			productName = SGSMultipeerVideo;
			productReference = 0A08860A18708AA1005D8BE6 /* SGSMultipeerVideo.app */;
			productType = "com.apple.product-type.application";
		};
		0A08862A18708AA1005D8BE6 /* SGSMultipeerVideoTests */ = {
			isa = PBXNativeTarget;
			buildConfigurationList = 0A08863F18708AA1005D8BE6 /* Build configuration list for PBXNativeTarget "SGSMultipeerVideoTests" */;
			buildPhases = (
				0A08862718708AA1005D8BE6 /* Sources */,
				0A08862818708AA1005D8BE6 /* Frameworks */,
				0A08862918708AA1005D8BE6 /* Resources */,
			);
			buildRules = (
			);
			dependencies = (
				0A08863118708AA1005D8BE6 /* PBXTargetDependency */,
			);
			name = SGSMultipeerVideoTests;
			productName = SGSMultipeerVideoTests;
			productReference = 0A08862B18708AA1005D8BE6 /* SGSMultipeerVideoTests.xctest */;
			productType = "com.apple.product-type.bundle.unit-test";
		};
/* End PBXNativeTarget section */

/* Begin PBXProject section */
		0A08860218708AA1005D8BE6 /* Project object */ = {
			isa = PBXProject;
			attributes = {
				CLASSPREFIX = SGS;
				LastUpgradeCheck = 0500;
				ORGANIZATIONNAME = "Say Goodnight Software";
				TargetAttributes = {
					0A08862A18708AA1005D8BE6 = {
						TestTargetID = 0A08860918708AA1005D8BE6;
					};
				};
			};
			buildConfigurationList = 0A08860518708AA1005D8BE6 /* Build configuration list for PBXProject "SGSMultipeerVideo" */;
			compatibilityVersion = "Xcode 3.2";
			developmentRegion = English;
			hasScannedForEncodings = 0;
			knownRegions = (
				en,
				Base,
			);
			mainGroup = 0A08860118708AA1005D8BE6;
			productRefGroup = 0A08860B18708AA1005D8BE6 /* Products */;
			projectDirPath = "";
			projectRoot = "";
			targets = (
				0A08860918708AA1005D8BE6 /* SGSMultipeerVideo */,
				0A08862A18708AA1005D8BE6 /* SGSMultipeerVideoTests */,
			);
		};
/* End PBXProject section */

/* Begin PBXResourcesBuildPhase section */
		0A08860818708AA1005D8BE6 /* Resources */ = {
			isa = PBXResourcesBuildPhase;
			buildActionMask = 2147483647;
			files = (
				0A08862618708AA1005D8BE6 /* Images.xcassets in Resources */,
				0A08861818708AA1005D8BE6 /* InfoPlist.strings in Resources */,
				0A08862118708AA1005D8BE6 /* Main.storyboard in Resources */,
			);
			runOnlyForDeploymentPostprocessing = 0;
		};
		0A08862918708AA1005D8BE6 /* Resources */ = {
			isa = PBXResourcesBuildPhase;
			buildActionMask = 2147483647;
			files = (
				0A08863718708AA1005D8BE6 /* InfoPlist.strings in Resources */,
			);
			runOnlyForDeploymentPostprocessing = 0;
		};
/* End PBXResourcesBuildPhase section */

/* Begin PBXSourcesBuildPhase section */
		0A08860618708AA1005D8BE6 /* Sources */ = {
			isa = PBXSourcesBuildPhase;
			buildActionMask = 2147483647;
			files = (
				0A08862418708AA1005D8BE6 /* SGSViewController.m in Sources */,
				0A08861E18708AA1005D8BE6 /* SGSAppDelegate.m in Sources */,
				0A08861A18708AA1005D8BE6 /* main.m in Sources */,
			);
			runOnlyForDeploymentPostprocessing = 0;
		};
		0A08862718708AA1005D8BE6 /* Sources */ = {
			isa = PBXSourcesBuildPhase;
			buildActionMask = 2147483647;
			files = (
				0A08863918708AA1005D8BE6 /* SGSMultipeerVideoTests.m in Sources */,
			);
			runOnlyForDeploymentPostprocessing = 0;
		};
/* End PBXSourcesBuildPhase section */

/* Begin PBXTargetDependency section */
		0A08863118708AA1005D8BE6 /* PBXTargetDependency */ = {
			isa = PBXTargetDependency;
			target = 0A08860918708AA1005D8BE6 /* SGSMultipeerVideo */;
			targetProxy = 0A08863018708AA1005D8BE6 /* PBXContainerItemProxy */;
		};
/* End PBXTargetDependency section */

/* Begin PBXVariantGroup section */
		0A08861618708AA1005D8BE6 /* InfoPlist.strings */ = {
			isa = PBXVariantGroup;
			children = (
				0A08861718708AA1005D8BE6 /* en */,
			);
			name = InfoPlist.strings;
			sourceTree = "<group>";
		};
		0A08861F18708AA1005D8BE6 /* Main.storyboard */ = {
			isa = PBXVariantGroup;
			children = (
				0A08862018708AA1005D8BE6 /* Base */,
			);
			name = Main.storyboard;
			sourceTree = "<group>";
		};
		0A08863518708AA1005D8BE6 /* InfoPlist.strings */ = {
			isa = PBXVariantGroup;
			children = (
				0A08863618708AA1005D8BE6 /* en */,
			);
			name = InfoPlist.strings;
			sourceTree = "<group>";
		};
/* End PBXVariantGroup section */

/* Begin XCBuildConfiguration section */
		0A08863A18708AA1005D8BE6 /* Debug */ = {
			isa = XCBuildConfiguration;
			buildSettings = {
				ALWAYS_SEARCH_USER_PATHS = NO;
				ARCHS = "$(ARCHS_STANDARD_INCLUDING_64_BIT)";
				CLANG_CXX_LANGUAGE_STANDARD = "gnu++0x";
				CLANG_CXX_LIBRARY = "libc++";
				CLANG_ENABLE_MODULES = YES;
				CLANG_ENABLE_OBJC_ARC = YES;
				CLANG_WARN_BOOL_CONVERSION = YES;
				CLANG_WARN_CONSTANT_CONVERSION = YES;
				CLANG_WARN_DIRECT_OBJC_ISA_USAGE = YES_ERROR;
				CLANG_WARN_EMPTY_BODY = YES;
				CLANG_WARN_ENUM_CONVERSION = YES;
				CLANG_WARN_INT_CONVERSION = YES;
				CLANG_WARN_OBJC_ROOT_CLASS = YES_ERROR;
				CLANG_WARN__DUPLICATE_METHOD_MATCH = YES;
				"CODE_SIGN_IDENTITY[sdk=iphoneos*]" = "iPhone Developer";
				COPY_PHASE_STRIP = NO;
				GCC_C_LANGUAGE_STANDARD = gnu99;
				GCC_DYNAMIC_NO_PIC = NO;
				GCC_OPTIMIZATION_LEVEL = 0;
				GCC_PREPROCESSOR_DEFINITIONS = (
					"DEBUG=1",
					"$(inherited)",
				);
				GCC_SYMBOLS_PRIVATE_EXTERN = NO;
				GCC_WARN_64_TO_32_BIT_CONVERSION = YES;
				GCC_WARN_ABOUT_RETURN_TYPE = YES_ERROR;
				GCC_WARN_UNDECLARED_SELECTOR = YES;
				GCC_WARN_UNINITIALIZED_AUTOS = YES;
				GCC_WARN_UNUSED_FUNCTION = YES;
				GCC_WARN_UNUSED_VARIABLE = YES;
				IPHONEOS_DEPLOYMENT_TARGET = 7.0;
				ONLY_ACTIVE_ARCH = YES;
				SDKROOT = iphoneos;
			};
			name = Debug;
		};
		0A08863B18708AA1005D8BE6 /* Release */ = {
			isa = XCBuildConfiguration;
			buildSettings = {
				ALWAYS_SEARCH_USER_PATHS = NO;
				ARCHS = "$(ARCHS_STANDARD_INCLUDING_64_BIT)";
				CLANG_CXX_LANGUAGE_STANDARD = "gnu++0x";
				CLANG_CXX_LIBRARY = "libc++";
				CLANG_ENABLE_MODULES = YES;
				CLANG_ENABLE_OBJC_ARC = YES;
				CLANG_WARN_BOOL_CONVERSION = YES;
				CLANG_WARN_CONSTANT_CONVERSION = YES;
				CLANG_WARN_DIRECT_OBJC_ISA_USAGE = YES_ERROR;
				CLANG_WARN_EMPTY_BODY = YES;
				CLANG_WARN_ENUM_CONVERSION = YES;
				CLANG_WARN_INT_CONVERSION = YES;
				CLANG_WARN_OBJC_ROOT_CLASS = YES_ERROR;
				CLANG_WARN__DUPLICATE_METHOD_MATCH = YES;
				"CODE_SIGN_IDENTITY[sdk=iphoneos*]" = "iPhone Developer";
				COPY_PHASE_STRIP = YES;
				ENABLE_NS_ASSERTIONS = NO;
				GCC_C_LANGUAGE_STANDARD = gnu99;
				GCC_WARN_64_TO_32_BIT_CONVERSION = YES;
				GCC_WARN_ABOUT_RETURN_TYPE = YES_ERROR;
				GCC_WARN_UNDECLARED_SELECTOR = YES;
				GCC_WARN_UNINITIALIZED_AUTOS = YES;
				GCC_WARN_UNUSED_FUNCTION = YES;
				GCC_WARN_UNUSED_VARIABLE = YES;
				IPHONEOS_DEPLOYMENT_TARGET = 7.0;
				SDKROOT = iphoneos;
				VALIDATE_PRODUCT = YES;
			};
			name = Release;
		};
		0A08863D18708AA1005D8BE6 /* Debug */ = {
			isa = XCBuildConfiguration;
			buildSettings = {
				ASSETCATALOG_COMPILER_APPICON_NAME = AppIcon;
				ASSETCATALOG_COMPILER_LAUNCHIMAGE_NAME = LaunchImage;
				GCC_PRECOMPILE_PREFIX_HEADER = YES;
				GCC_PREFIX_HEADER = "SGSMultipeerVideo/SGSMultipeerVideo-Prefix.pch";
				INFOPLIST_FILE = "SGSMultipeerVideo/SGSMultipeerVideo-Info.plist";
				PRODUCT_NAME = "$(TARGET_NAME)";
				PROVISIONING_PROFILE = "DABAFC0A-7105-4F41-A60C-C8BB68EE4440";
				WRAPPER_EXTENSION = app;
			};
			name = Debug;
		};
		0A08863E18708AA1005D8BE6 /* Release */ = {
			isa = XCBuildConfiguration;
			buildSettings = {
				ASSETCATALOG_COMPILER_APPICON_NAME = AppIcon;
				ASSETCATALOG_COMPILER_LAUNCHIMAGE_NAME = LaunchImage;
				GCC_PRECOMPILE_PREFIX_HEADER = YES;
				GCC_PREFIX_HEADER = "SGSMultipeerVideo/SGSMultipeerVideo-Prefix.pch";
				INFOPLIST_FILE = "SGSMultipeerVideo/SGSMultipeerVideo-Info.plist";
				PRODUCT_NAME = "$(TARGET_NAME)";
				PROVISIONING_PROFILE = "DABAFC0A-7105-4F41-A60C-C8BB68EE4440";
				WRAPPER_EXTENSION = app;
			};
			name = Release;
		};
		0A08864018708AA1005D8BE6 /* Debug */ = {
			isa = XCBuildConfiguration;
			buildSettings = {
				ARCHS = "$(ARCHS_STANDARD_INCLUDING_64_BIT)";
				BUNDLE_LOADER = "$(BUILT_PRODUCTS_DIR)/SGSMultipeerVideo.app/SGSMultipeerVideo";
				FRAMEWORK_SEARCH_PATHS = (
					"$(SDKROOT)/Developer/Library/Frameworks",
					"$(inherited)",
					"$(DEVELOPER_FRAMEWORKS_DIR)",
				);
				GCC_PRECOMPILE_PREFIX_HEADER = YES;
				GCC_PREFIX_HEADER = "SGSMultipeerVideo/SGSMultipeerVideo-Prefix.pch";
				GCC_PREPROCESSOR_DEFINITIONS = (
					"DEBUG=1",
					"$(inherited)",
				);
				INFOPLIST_FILE = "SGSMultipeerVideoTests/SGSMultipeerVideoTests-Info.plist";
				PRODUCT_NAME = "$(TARGET_NAME)";
				TEST_HOST = "$(BUNDLE_LOADER)";
				WRAPPER_EXTENSION = xctest;
			};
			name = Debug;
		};
		0A08864118708AA1005D8BE6 /* Release */ = {
			isa = XCBuildConfiguration;
			buildSettings = {
				ARCHS = "$(ARCHS_STANDARD_INCLUDING_64_BIT)";
				BUNDLE_LOADER = "$(BUILT_PRODUCTS_DIR)/SGSMultipeerVideo.app/SGSMultipeerVideo";
				FRAMEWORK_SEARCH_PATHS = (
					"$(SDKROOT)/Developer/Library/Frameworks",
					"$(inherited)",
					"$(DEVELOPER_FRAMEWORKS_DIR)",
				);
				GCC_PRECOMPILE_PREFIX_HEADER = YES;
				GCC_PREFIX_HEADER = "SGSMultipeerVideo/SGSMultipeerVideo-Prefix.pch";
				INFOPLIST_FILE = "SGSMultipeerVideoTests/SGSMultipeerVideoTests-Info.plist";
				PRODUCT_NAME = "$(TARGET_NAME)";
				TEST_HOST = "$(BUNDLE_LOADER)";
				WRAPPER_EXTENSION = xctest;
			};
			name = Release;
		};
/* End XCBuildConfiguration section */

/* Begin XCConfigurationList section */
		0A08860518708AA1005D8BE6 /* Build configuration list for PBXProject "SGSMultipeerVideo" */ = {
			isa = XCConfigurationList;
			buildConfigurations = (
				0A08863A18708AA1005D8BE6 /* Debug */,
				0A08863B18708AA1005D8BE6 /* Release */,
			);
			defaultConfigurationIsVisible = 0;
			defaultConfigurationName = Release;
		};
		0A08863C18708AA1005D8BE6 /* Build configuration list for PBXNativeTarget "SGSMultipeerVideo" */ = {
			isa = XCConfigurationList;
			buildConfigurations = (
				0A08863D18708AA1005D8BE6 /* Debug */,
				0A08863E18708AA1005D8BE6 /* Release */,
			);
			defaultConfigurationIsVisible = 0;
			defaultConfigurationName = Release;
		};
		0A08863F18708AA1005D8BE6 /* Build configuration list for PBXNativeTarget "SGSMultipeerVideoTests" */ = {
			isa = XCConfigurationList;
			buildConfigurations = (
				0A08864018708AA1005D8BE6 /* Debug */,
				0A08864118708AA1005D8BE6 /* Release */,
			);
			defaultConfigurationIsVisible = 0;
			defaultConfigurationName = Release;
		};
/* End XCConfigurationList section */
	};
	rootObject = 0A08860218708AA1005D8BE6 /* Project object */;
}
